
Microsoft Visual Studio Solution File, Format Version 12.00
# Visual Studio Version 16
VisualStudioVersion = 16.0.33529.622
MinimumVisualStudioVersion = 10.0.40219.1
Project("{8BC9CEB8-8B4A-11D0-8D11-00A0C91BC942}") = "ur48", "ur48\ur48.vcxproj", "{5E3B1E6F-BA6F-4432-BCE4-942739293861}"
EndProject
Global
	GlobalSection(SolutionConfigurationPlatforms) = preSolution
		Debug|x64 = Debug|x64
		Debug|x86 = Debug|x86
		Release|x64 = Release|x64
		Release|x86 = Release|x86
	EndGlobalSection
	GlobalSection(ProjectConfigurationPlatforms) = postSolution
		{5E3B1E6F-BA6F-4432-BCE4-942739293861}.Debug|x64.ActiveCfg = Debug|x64
		{5E3B1E6F-BA6F-4432-BCE4-942739293861}.Debug|x64.Build.0 = Debug|x64
		{5E3B1E6F-BA6F-4432-BCE4-942739293861}.Debug|x86.ActiveCfg = Debug|Win32
		{5E3B1E6F-BA6F-4432-BCE4-942739293861}.Debug|x86.Build.0 = Debug|Win32
		{5E3B1E6F-BA6F-4432-BCE4-942739293861}.Release|x64.ActiveCfg = Release|x64
		{5E3B1E6F-BA6F-4432-BCE4-942739293861}.Release|x64.Build.0 = Release|x64
		{5E3B1E6F-BA6F-4432-BCE4-942739293861}.Release|x86.ActiveCfg = Release|Win32
		{5E3B1E6F-BA6F-4432-BCE4-942739293861}.Release|x86.Build.0 = Release|Win32
	EndGlobalSection
	GlobalSection(SolutionProperties) = preSolution
		HideSolutionNode = FALSE
	EndGlobalSection
	GlobalSection(ExtensibilityGlobals) = postSolution
		SolutionGuid = {2C81C133-E2E4-4D33-B395-E948C790C680}
	EndGlobalSection
EndGlobal
